// !$*UTF8*$!
{
	archiveVersion = 1;
	classes = {
	};
	objectVersion = 46;
	objects = {

/* Begin PBXBuildFile section */
		4E3567241B39CD8D00ADBA7F /* AppManager.m in Sources */ = {isa = PBXBuildFile; fileRef = 4E3567231B39CD8D00ADBA7F /* AppManager.m */; };
		4E35672B1B39D8E300ADBA7F /* MainMenuCell.m in Sources */ = {isa = PBXBuildFile; fileRef = 4E3567291B39D8E300ADBA7F /* MainMenuCell.m */; };
		4E35672C1B39D8E300ADBA7F /* MainMenuCell.xib in Resources */ = {isa = PBXBuildFile; fileRef = 4E35672A1B39D8E300ADBA7F /* MainMenuCell.xib */; };
		4E3567301B39F31500ADBA7F /* TextCell.m in Sources */ = {isa = PBXBuildFile; fileRef = 4E35672E1B39F31500ADBA7F /* TextCell.m */; };
		4E3567311B39F31500ADBA7F /* TextCell.xib in Resources */ = {isa = PBXBuildFile; fileRef = 4E35672F1B39F31500ADBA7F /* TextCell.xib */; };
		4E3567351B39F32700ADBA7F /* TextWithImageCell.m in Sources */ = {isa = PBXBuildFile; fileRef = 4E3567331B39F32700ADBA7F /* TextWithImageCell.m */; };
		4E3567361B39F32700ADBA7F /* TextWithImageCell.xib in Resources */ = {isa = PBXBuildFile; fileRef = 4E3567341B39F32700ADBA7F /* TextWithImageCell.xib */; };
		4E35673A1B3A09AE00ADBA7F /* SendView.m in Sources */ = {isa = PBXBuildFile; fileRef = 4E3567391B3A09AE00ADBA7F /* SendView.m */; };
		4E35673C1B3A09ED00ADBA7F /* SendView.xib in Resources */ = {isa = PBXBuildFile; fileRef = 4E35673B1B3A09ED00ADBA7F /* SendView.xib */; };
		4E3C23311B395CCE009BBB34 /* main.m in Sources */ = {isa = PBXBuildFile; fileRef = 4E3C23301B395CCE009BBB34 /* main.m */; };
		4E3C23341B395CCE009BBB34 /* AppDelegate.m in Sources */ = {isa = PBXBuildFile; fileRef = 4E3C23331B395CCE009BBB34 /* AppDelegate.m */; };
		4E3C233C1B395CCE009BBB34 /* Images.xcassets in Resources */ = {isa = PBXBuildFile; fileRef = 4E3C233B1B395CCE009BBB34 /* Images.xcassets */; };
		4E3C233F1B395CCE009BBB34 /* LaunchScreen.xib in Resources */ = {isa = PBXBuildFile; fileRef = 4E3C233D1B395CCE009BBB34 /* LaunchScreen.xib */; };
		4E47A7241B5D892600135168 /* TaxiCell.m in Sources */ = {isa = PBXBuildFile; fileRef = 4E47A7221B5D892600135168 /* TaxiCell.m */; };
		4E47A7251B5D892600135168 /* TaxiCell.xib in Resources */ = {isa = PBXBuildFile; fileRef = 4E47A7231B5D892600135168 /* TaxiCell.xib */; };
		4E555EE01B39BF17009253DC /* ServerManager.m in Sources */ = {isa = PBXBuildFile; fileRef = 4E555EDF1B39BF17009253DC /* ServerManager.m */; };
		762687951B5CFF15008B55E9 /* MainHeaderView.m in Sources */ = {isa = PBXBuildFile; fileRef = 762687941B5CFF15008B55E9 /* MainHeaderView.m */; };
		762687971B5CFF24008B55E9 /* MainHeaderView.xib in Resources */ = {isa = PBXBuildFile; fileRef = 762687961B5CFF24008B55E9 /* MainHeaderView.xib */; };
		762687C31B5D09FB008B55E9 /* SharesDetailController.m in Sources */ = {isa = PBXBuildFile; fileRef = 762687A11B5D09FB008B55E9 /* SharesDetailController.m */; };
		762687C41B5D09FB008B55E9 /* SharesDetailController.xib in Resources */ = {isa = PBXBuildFile; fileRef = 762687A21B5D09FB008B55E9 /* SharesDetailController.xib */; };
		762687C51B5D09FB008B55E9 /* BaseTableViewController.m in Sources */ = {isa = PBXBuildFile; fileRef = 762687A51B5D09FB008B55E9 /* BaseTableViewController.m */; };
		762687C61B5D09FB008B55E9 /* BaseTableViewController.xib in Resources */ = {isa = PBXBuildFile; fileRef = 762687A61B5D09FB008B55E9 /* BaseTableViewController.xib */; };
		762687C71B5D09FB008B55E9 /* BasketViewController.m in Sources */ = {isa = PBXBuildFile; fileRef = 762687A91B5D09FB008B55E9 /* BasketViewController.m */; };
		762687C81B5D09FB008B55E9 /* BasketViewController.xib in Resources */ = {isa = PBXBuildFile; fileRef = 762687AA1B5D09FB008B55E9 /* BasketViewController.xib */; };
		762687C91B5D09FB008B55E9 /* CompanyViewController.m in Sources */ = {isa = PBXBuildFile; fileRef = 762687AD1B5D09FB008B55E9 /* CompanyViewController.m */; };
		762687CA1B5D09FB008B55E9 /* CompanyViewController.xib in Resources */ = {isa = PBXBuildFile; fileRef = 762687AE1B5D09FB008B55E9 /* CompanyViewController.xib */; };
		762687CB1B5D09FB008B55E9 /* DishesViewController.m in Sources */ = {isa = PBXBuildFile; fileRef = 762687B11B5D09FB008B55E9 /* DishesViewController.m */; };
		762687CC1B5D09FB008B55E9 /* DishesViewController.xib in Resources */ = {isa = PBXBuildFile; fileRef = 762687B21B5D09FB008B55E9 /* DishesViewController.xib */; };
		762687CD1B5D09FB008B55E9 /* InfoController.m in Sources */ = {isa = PBXBuildFile; fileRef = 762687B51B5D09FB008B55E9 /* InfoController.m */; };
		762687CE1B5D09FB008B55E9 /* InfoController.xib in Resources */ = {isa = PBXBuildFile; fileRef = 762687B61B5D09FB008B55E9 /* InfoController.xib */; };
		762687CF1B5D09FB008B55E9 /* MapViewController.m in Sources */ = {isa = PBXBuildFile; fileRef = 762687B91B5D09FB008B55E9 /* MapViewController.m */; };
		762687D01B5D09FB008B55E9 /* MapViewController.xib in Resources */ = {isa = PBXBuildFile; fileRef = 762687BA1B5D09FB008B55E9 /* MapViewController.xib */; };
		762687D11B5D09FB008B55E9 /* PosterViewController.m in Sources */ = {isa = PBXBuildFile; fileRef = 762687BD1B5D09FB008B55E9 /* PosterViewController.m */; };
		762687D21B5D09FB008B55E9 /* PosterViewController.xib in Resources */ = {isa = PBXBuildFile; fileRef = 762687BE1B5D09FB008B55E9 /* PosterViewController.xib */; };
		762687D31B5D09FB008B55E9 /* SendMessageViewController.m in Sources */ = {isa = PBXBuildFile; fileRef = 762687C11B5D09FB008B55E9 /* SendMessageViewController.m */; };
		762687D41B5D09FB008B55E9 /* SendMessageViewController.xib in Resources */ = {isa = PBXBuildFile; fileRef = 762687C21B5D09FB008B55E9 /* SendMessageViewController.xib */; };
		762687D91B5D0A5C008B55E9 /* FilterMapController.m in Sources */ = {isa = PBXBuildFile; fileRef = 762687D71B5D0A5C008B55E9 /* FilterMapController.m */; };
		762687DA1B5D0A5C008B55E9 /* FilterMapController.xib in Resources */ = {isa = PBXBuildFile; fileRef = 762687D81B5D0A5C008B55E9 /* FilterMapController.xib */; };
		762687E31B5D0C3B008B55E9 /* NewsDetailController.m in Sources */ = {isa = PBXBuildFile; fileRef = 762687E11B5D0C3B008B55E9 /* NewsDetailController.m */; };
		762687E41B5D0C3B008B55E9 /* NewsDetailController.xib in Resources */ = {isa = PBXBuildFile; fileRef = 762687E21B5D0C3B008B55E9 /* NewsDetailController.xib */; };
		762687E91B5D12CE008B55E9 /* NewsController.m in Sources */ = {isa = PBXBuildFile; fileRef = 762687E71B5D12CE008B55E9 /* NewsController.m */; };
		762687EA1B5D12CE008B55E9 /* NewsController.xib in Resources */ = {isa = PBXBuildFile; fileRef = 762687E81B5D12CE008B55E9 /* NewsController.xib */; };
		762687EF1B5D15EF008B55E9 /* NewsCollectionCell.m in Sources */ = {isa = PBXBuildFile; fileRef = 762687ED1B5D15EF008B55E9 /* NewsCollectionCell.m */; };
		762687F01B5D15EF008B55E9 /* NewsCollectionCell.xib in Resources */ = {isa = PBXBuildFile; fileRef = 762687EE1B5D15EF008B55E9 /* NewsCollectionCell.xib */; };
		765D87551B5E4C1C00BF0130 /* Poster3Cell.m in Sources */ = {isa = PBXBuildFile; fileRef = 765D87531B5E4C1C00BF0130 /* Poster3Cell.m */; };
		765D87561B5E4C1C00BF0130 /* Poster3Cell.xib in Resources */ = {isa = PBXBuildFile; fileRef = 765D87541B5E4C1C00BF0130 /* Poster3Cell.xib */; };
		765D875B1B5E628300BF0130 /* OrderController.m in Sources */ = {isa = PBXBuildFile; fileRef = 765D87591B5E628300BF0130 /* OrderController.m */; };
		765D875C1B5E628300BF0130 /* OrderController.xib in Resources */ = {isa = PBXBuildFile; fileRef = 765D875A1B5E628300BF0130 /* OrderController.xib */; };
		765D87611B5E6F7800BF0130 /* FilterMapCell.m in Sources */ = {isa = PBXBuildFile; fileRef = 765D875F1B5E6F7800BF0130 /* FilterMapCell.m */; };
		765D87621B5E6F7800BF0130 /* FilterMapCell.xib in Resources */ = {isa = PBXBuildFile; fileRef = 765D87601B5E6F7800BF0130 /* FilterMapCell.xib */; };
		765D87661B5E712D00BF0130 /* FilterMapView.m in Sources */ = {isa = PBXBuildFile; fileRef = 765D87651B5E712D00BF0130 /* FilterMapView.m */; };
		765D87681B5E714100BF0130 /* FilterMapView.xib in Resources */ = {isa = PBXBuildFile; fileRef = 765D87671B5E714100BF0130 /* FilterMapView.xib */; };
		765D87721B5E7E2D00BF0130 /* CategoriesModel.m in Sources */ = {isa = PBXBuildFile; fileRef = 765D87711B5E7E2D00BF0130 /* CategoriesModel.m */; };
		765D87761B5E910200BF0130 /* DownCategoriesModel.m in Sources */ = {isa = PBXBuildFile; fileRef = 765D87751B5E910200BF0130 /* DownCategoriesModel.m */; };
		7676EBD21B3C162D00CD967D /* Main.storyboard in Resources */ = {isa = PBXBuildFile; fileRef = 7676EBD11B3C162D00CD967D /* Main.storyboard */; };
		769287531B3D9962003E6491 /* DishesModel.m in Sources */ = {isa = PBXBuildFile; fileRef = 769287521B3D9962003E6491 /* DishesModel.m */; };
		769287581B3DA2B7003E6491 /* DishesCell.m in Sources */ = {isa = PBXBuildFile; fileRef = 769287561B3DA2B7003E6491 /* DishesCell.m */; };
		769287591B3DA2B7003E6491 /* DishesCell.xib in Resources */ = {isa = PBXBuildFile; fileRef = 769287571B3DA2B7003E6491 /* DishesCell.xib */; };
		90F24CABAF03CAF606C38A5C /* libPods.a in Frameworks */ = {isa = PBXBuildFile; fileRef = 697B2D094C3C2F9EE6755061 /* libPods.a */; };
/* End PBXBuildFile section */

/* Begin PBXFileReference section */
		4E3567221B39CD8D00ADBA7F /* AppManager.h */ = {isa = PBXFileReference; fileEncoding = 4; lastKnownFileType = sourcecode.c.h; path = AppManager.h; sourceTree = "<group>"; };
		4E3567231B39CD8D00ADBA7F /* AppManager.m */ = {isa = PBXFileReference; fileEncoding = 4; lastKnownFileType = sourcecode.c.objc; path = AppManager.m; sourceTree = "<group>"; };
		4E3567281B39D8E300ADBA7F /* MainMenuCell.h */ = {isa = PBXFileReference; fileEncoding = 4; lastKnownFileType = sourcecode.c.h; path = MainMenuCell.h; sourceTree = "<group>"; };
		4E3567291B39D8E300ADBA7F /* MainMenuCell.m */ = {isa = PBXFileReference; fileEncoding = 4; lastKnownFileType = sourcecode.c.objc; path = MainMenuCell.m; sourceTree = "<group>"; };
		4E35672A1B39D8E300ADBA7F /* MainMenuCell.xib */ = {isa = PBXFileReference; fileEncoding = 4; lastKnownFileType = file.xib; path = MainMenuCell.xib; sourceTree = "<group>"; };
		4E35672D1B39F31500ADBA7F /* TextCell.h */ = {isa = PBXFileReference; fileEncoding = 4; lastKnownFileType = sourcecode.c.h; path = TextCell.h; sourceTree = "<group>"; };
		4E35672E1B39F31500ADBA7F /* TextCell.m */ = {isa = PBXFileReference; fileEncoding = 4; lastKnownFileType = sourcecode.c.objc; path = TextCell.m; sourceTree = "<group>"; };
		4E35672F1B39F31500ADBA7F /* TextCell.xib */ = {isa = PBXFileReference; fileEncoding = 4; lastKnownFileType = file.xib; path = TextCell.xib; sourceTree = "<group>"; };
		4E3567321B39F32700ADBA7F /* TextWithImageCell.h */ = {isa = PBXFileReference; fileEncoding = 4; lastKnownFileType = sourcecode.c.h; path = TextWithImageCell.h; sourceTree = "<group>"; };
		4E3567331B39F32700ADBA7F /* TextWithImageCell.m */ = {isa = PBXFileReference; fileEncoding = 4; lastKnownFileType = sourcecode.c.objc; path = TextWithImageCell.m; sourceTree = "<group>"; };
		4E3567341B39F32700ADBA7F /* TextWithImageCell.xib */ = {isa = PBXFileReference; fileEncoding = 4; lastKnownFileType = file.xib; path = TextWithImageCell.xib; sourceTree = "<group>"; };
		4E3567381B3A09AE00ADBA7F /* SendView.h */ = {isa = PBXFileReference; fileEncoding = 4; lastKnownFileType = sourcecode.c.h; path = SendView.h; sourceTree = "<group>"; };
		4E3567391B3A09AE00ADBA7F /* SendView.m */ = {isa = PBXFileReference; fileEncoding = 4; lastKnownFileType = sourcecode.c.objc; path = SendView.m; sourceTree = "<group>"; };
		4E35673B1B3A09ED00ADBA7F /* SendView.xib */ = {isa = PBXFileReference; fileEncoding = 4; lastKnownFileType = file.xib; path = SendView.xib; sourceTree = "<group>"; };
		4E3C232B1B395CCE009BBB34 /* CityGuide.app */ = {isa = PBXFileReference; explicitFileType = wrapper.application; includeInIndex = 0; path = CityGuide.app; sourceTree = BUILT_PRODUCTS_DIR; };
		4E3C232F1B395CCE009BBB34 /* Info.plist */ = {isa = PBXFileReference; lastKnownFileType = text.plist.xml; path = Info.plist; sourceTree = "<group>"; };
		4E3C23301B395CCE009BBB34 /* main.m */ = {isa = PBXFileReference; lastKnownFileType = sourcecode.c.objc; path = main.m; sourceTree = "<group>"; };
		4E3C23321B395CCE009BBB34 /* AppDelegate.h */ = {isa = PBXFileReference; lastKnownFileType = sourcecode.c.h; path = AppDelegate.h; sourceTree = "<group>"; };
		4E3C23331B395CCE009BBB34 /* AppDelegate.m */ = {isa = PBXFileReference; lastKnownFileType = sourcecode.c.objc; path = AppDelegate.m; sourceTree = "<group>"; };
		4E3C233B1B395CCE009BBB34 /* Images.xcassets */ = {isa = PBXFileReference; lastKnownFileType = folder.assetcatalog; path = Images.xcassets; sourceTree = "<group>"; };
		4E3C233E1B395CCE009BBB34 /* Base */ = {isa = PBXFileReference; lastKnownFileType = file.xib; name = Base; path = Base.lproj/LaunchScreen.xib; sourceTree = "<group>"; };
		4E3C23491B395CCE009BBB34 /* Info.plist */ = {isa = PBXFileReference; lastKnownFileType = text.plist.xml; path = Info.plist; sourceTree = "<group>"; };
		4E3C234A1B395CCE009BBB34 /* CityGuideTests.m */ = {isa = PBXFileReference; lastKnownFileType = sourcecode.c.objc; path = CityGuideTests.m; sourceTree = "<group>"; };
		4E47A7211B5D892600135168 /* TaxiCell.h */ = {isa = PBXFileReference; fileEncoding = 4; lastKnownFileType = sourcecode.c.h; path = TaxiCell.h; sourceTree = "<group>"; };
		4E47A7221B5D892600135168 /* TaxiCell.m */ = {isa = PBXFileReference; fileEncoding = 4; lastKnownFileType = sourcecode.c.objc; path = TaxiCell.m; sourceTree = "<group>"; };
		4E47A7231B5D892600135168 /* TaxiCell.xib */ = {isa = PBXFileReference; fileEncoding = 4; lastKnownFileType = file.xib; path = TaxiCell.xib; sourceTree = "<group>"; };
		4E555D891B399F03009253DC /* PrefixHeader.pch */ = {isa = PBXFileReference; lastKnownFileType = sourcecode.c.h; path = PrefixHeader.pch; sourceTree = "<group>"; };
		4E555EDE1B39BF17009253DC /* ServerManager.h */ = {isa = PBXFileReference; fileEncoding = 4; lastKnownFileType = sourcecode.c.h; path = ServerManager.h; sourceTree = "<group>"; };
		4E555EDF1B39BF17009253DC /* ServerManager.m */ = {isa = PBXFileReference; fileEncoding = 4; lastKnownFileType = sourcecode.c.objc; path = ServerManager.m; sourceTree = "<group>"; };
		697B2D094C3C2F9EE6755061 /* libPods.a */ = {isa = PBXFileReference; explicitFileType = archive.ar; includeInIndex = 0; path = libPods.a; sourceTree = BUILT_PRODUCTS_DIR; };
		762687931B5CFF15008B55E9 /* MainHeaderView.h */ = {isa = PBXFileReference; fileEncoding = 4; lastKnownFileType = sourcecode.c.h; path = MainHeaderView.h; sourceTree = "<group>"; };
		762687941B5CFF15008B55E9 /* MainHeaderView.m */ = {isa = PBXFileReference; fileEncoding = 4; lastKnownFileType = sourcecode.c.objc; path = MainHeaderView.m; sourceTree = "<group>"; };
		762687961B5CFF24008B55E9 /* MainHeaderView.xib */ = {isa = PBXFileReference; fileEncoding = 4; lastKnownFileType = file.xib; path = MainHeaderView.xib; sourceTree = "<group>"; };
		762687A01B5D09FB008B55E9 /* SharesDetailController.h */ = {isa = PBXFileReference; fileEncoding = 4; lastKnownFileType = sourcecode.c.h; path = SharesDetailController.h; sourceTree = "<group>"; };
		762687A11B5D09FB008B55E9 /* SharesDetailController.m */ = {isa = PBXFileReference; fileEncoding = 4; lastKnownFileType = sourcecode.c.objc; path = SharesDetailController.m; sourceTree = "<group>"; };
		762687A21B5D09FB008B55E9 /* SharesDetailController.xib */ = {isa = PBXFileReference; fileEncoding = 4; lastKnownFileType = file.xib; path = SharesDetailController.xib; sourceTree = "<group>"; };
		762687A41B5D09FB008B55E9 /* BaseTableViewController.h */ = {isa = PBXFileReference; fileEncoding = 4; lastKnownFileType = sourcecode.c.h; path = BaseTableViewController.h; sourceTree = "<group>"; };
		762687A51B5D09FB008B55E9 /* BaseTableViewController.m */ = {isa = PBXFileReference; fileEncoding = 4; lastKnownFileType = sourcecode.c.objc; path = BaseTableViewController.m; sourceTree = "<group>"; };
		762687A61B5D09FB008B55E9 /* BaseTableViewController.xib */ = {isa = PBXFileReference; fileEncoding = 4; lastKnownFileType = file.xib; path = BaseTableViewController.xib; sourceTree = "<group>"; };
		762687A81B5D09FB008B55E9 /* BasketViewController.h */ = {isa = PBXFileReference; fileEncoding = 4; lastKnownFileType = sourcecode.c.h; path = BasketViewController.h; sourceTree = "<group>"; };
		762687A91B5D09FB008B55E9 /* BasketViewController.m */ = {isa = PBXFileReference; fileEncoding = 4; lastKnownFileType = sourcecode.c.objc; path = BasketViewController.m; sourceTree = "<group>"; };
		762687AA1B5D09FB008B55E9 /* BasketViewController.xib */ = {isa = PBXFileReference; fileEncoding = 4; lastKnownFileType = file.xib; path = BasketViewController.xib; sourceTree = "<group>"; };
		762687AC1B5D09FB008B55E9 /* CompanyViewController.h */ = {isa = PBXFileReference; fileEncoding = 4; lastKnownFileType = sourcecode.c.h; path = CompanyViewController.h; sourceTree = "<group>"; };
		762687AD1B5D09FB008B55E9 /* CompanyViewController.m */ = {isa = PBXFileReference; fileEncoding = 4; lastKnownFileType = sourcecode.c.objc; path = CompanyViewController.m; sourceTree = "<group>"; };
		762687AE1B5D09FB008B55E9 /* CompanyViewController.xib */ = {isa = PBXFileReference; fileEncoding = 4; lastKnownFileType = file.xib; path = CompanyViewController.xib; sourceTree = "<group>"; };
		762687B01B5D09FB008B55E9 /* DishesViewController.h */ = {isa = PBXFileReference; fileEncoding = 4; lastKnownFileType = sourcecode.c.h; path = DishesViewController.h; sourceTree = "<group>"; };
		762687B11B5D09FB008B55E9 /* DishesViewController.m */ = {isa = PBXFileReference; fileEncoding = 4; lastKnownFileType = sourcecode.c.objc; path = DishesViewController.m; sourceTree = "<group>"; };
		762687B21B5D09FB008B55E9 /* DishesViewController.xib */ = {isa = PBXFileReference; fileEncoding = 4; lastKnownFileType = file.xib; path = DishesViewController.xib; sourceTree = "<group>"; };
		762687B41B5D09FB008B55E9 /* InfoController.h */ = {isa = PBXFileReference; fileEncoding = 4; lastKnownFileType = sourcecode.c.h; path = InfoController.h; sourceTree = "<group>"; };
		762687B51B5D09FB008B55E9 /* InfoController.m */ = {isa = PBXFileReference; fileEncoding = 4; lastKnownFileType = sourcecode.c.objc; path = InfoController.m; sourceTree = "<group>"; };
		762687B61B5D09FB008B55E9 /* InfoController.xib */ = {isa = PBXFileReference; fileEncoding = 4; lastKnownFileType = file.xib; path = InfoController.xib; sourceTree = "<group>"; };
		762687B81B5D09FB008B55E9 /* MapViewController.h */ = {isa = PBXFileReference; fileEncoding = 4; lastKnownFileType = sourcecode.c.h; path = MapViewController.h; sourceTree = "<group>"; };
		762687B91B5D09FB008B55E9 /* MapViewController.m */ = {isa = PBXFileReference; fileEncoding = 4; lastKnownFileType = sourcecode.c.objc; path = MapViewController.m; sourceTree = "<group>"; };
		762687BA1B5D09FB008B55E9 /* MapViewController.xib */ = {isa = PBXFileReference; fileEncoding = 4; lastKnownFileType = file.xib; path = MapViewController.xib; sourceTree = "<group>"; };
		762687BC1B5D09FB008B55E9 /* PosterViewController.h */ = {isa = PBXFileReference; fileEncoding = 4; lastKnownFileType = sourcecode.c.h; path = PosterViewController.h; sourceTree = "<group>"; };
		762687BD1B5D09FB008B55E9 /* PosterViewController.m */ = {isa = PBXFileReference; fileEncoding = 4; lastKnownFileType = sourcecode.c.objc; path = PosterViewController.m; sourceTree = "<group>"; };
		762687BE1B5D09FB008B55E9 /* PosterViewController.xib */ = {isa = PBXFileReference; fileEncoding = 4; lastKnownFileType = file.xib; path = PosterViewController.xib; sourceTree = "<group>"; };
		762687C01B5D09FB008B55E9 /* SendMessageViewController.h */ = {isa = PBXFileReference; fileEncoding = 4; lastKnownFileType = sourcecode.c.h; path = SendMessageViewController.h; sourceTree = "<group>"; };
		762687C11B5D09FB008B55E9 /* SendMessageViewController.m */ = {isa = PBXFileReference; fileEncoding = 4; lastKnownFileType = sourcecode.c.objc; path = SendMessageViewController.m; sourceTree = "<group>"; };
		762687C21B5D09FB008B55E9 /* SendMessageViewController.xib */ = {isa = PBXFileReference; fileEncoding = 4; lastKnownFileType = file.xib; path = SendMessageViewController.xib; sourceTree = "<group>"; };
		762687D61B5D0A5C008B55E9 /* FilterMapController.h */ = {isa = PBXFileReference; fileEncoding = 4; lastKnownFileType = sourcecode.c.h; path = FilterMapController.h; sourceTree = "<group>"; };
		762687D71B5D0A5C008B55E9 /* FilterMapController.m */ = {isa = PBXFileReference; fileEncoding = 4; lastKnownFileType = sourcecode.c.objc; path = FilterMapController.m; sourceTree = "<group>"; };
		762687D81B5D0A5C008B55E9 /* FilterMapController.xib */ = {isa = PBXFileReference; fileEncoding = 4; lastKnownFileType = file.xib; path = FilterMapController.xib; sourceTree = "<group>"; };
		762687E01B5D0C3B008B55E9 /* NewsDetailController.h */ = {isa = PBXFileReference; fileEncoding = 4; lastKnownFileType = sourcecode.c.h; path = NewsDetailController.h; sourceTree = "<group>"; };
		762687E11B5D0C3B008B55E9 /* NewsDetailController.m */ = {isa = PBXFileReference; fileEncoding = 4; lastKnownFileType = sourcecode.c.objc; path = NewsDetailController.m; sourceTree = "<group>"; };
		762687E21B5D0C3B008B55E9 /* NewsDetailController.xib */ = {isa = PBXFileReference; fileEncoding = 4; lastKnownFileType = file.xib; path = NewsDetailController.xib; sourceTree = "<group>"; };
		762687E61B5D12CE008B55E9 /* NewsController.h */ = {isa = PBXFileReference; fileEncoding = 4; lastKnownFileType = sourcecode.c.h; path = NewsController.h; sourceTree = "<group>"; };
		762687E71B5D12CE008B55E9 /* NewsController.m */ = {isa = PBXFileReference; fileEncoding = 4; lastKnownFileType = sourcecode.c.objc; path = NewsController.m; sourceTree = "<group>"; };
		762687E81B5D12CE008B55E9 /* NewsController.xib */ = {isa = PBXFileReference; fileEncoding = 4; lastKnownFileType = file.xib; path = NewsController.xib; sourceTree = "<group>"; };
		762687EC1B5D15EF008B55E9 /* NewsCollectionCell.h */ = {isa = PBXFileReference; fileEncoding = 4; lastKnownFileType = sourcecode.c.h; path = NewsCollectionCell.h; sourceTree = "<group>"; };
		762687ED1B5D15EF008B55E9 /* NewsCollectionCell.m */ = {isa = PBXFileReference; fileEncoding = 4; lastKnownFileType = sourcecode.c.objc; path = NewsCollectionCell.m; sourceTree = "<group>"; };
		762687EE1B5D15EF008B55E9 /* NewsCollectionCell.xib */ = {isa = PBXFileReference; fileEncoding = 4; lastKnownFileType = file.xib; path = NewsCollectionCell.xib; sourceTree = "<group>"; };
		765D87521B5E4C1C00BF0130 /* Poster3Cell.h */ = {isa = PBXFileReference; fileEncoding = 4; lastKnownFileType = sourcecode.c.h; path = Poster3Cell.h; sourceTree = "<group>"; };
		765D87531B5E4C1C00BF0130 /* Poster3Cell.m */ = {isa = PBXFileReference; fileEncoding = 4; lastKnownFileType = sourcecode.c.objc; path = Poster3Cell.m; sourceTree = "<group>"; };
		765D87541B5E4C1C00BF0130 /* Poster3Cell.xib */ = {isa = PBXFileReference; fileEncoding = 4; lastKnownFileType = file.xib; path = Poster3Cell.xib; sourceTree = "<group>"; };
		765D87581B5E628300BF0130 /* OrderController.h */ = {isa = PBXFileReference; fileEncoding = 4; lastKnownFileType = sourcecode.c.h; path = OrderController.h; sourceTree = "<group>"; };
		765D87591B5E628300BF0130 /* OrderController.m */ = {isa = PBXFileReference; fileEncoding = 4; lastKnownFileType = sourcecode.c.objc; path = OrderController.m; sourceTree = "<group>"; };
		765D875A1B5E628300BF0130 /* OrderController.xib */ = {isa = PBXFileReference; fileEncoding = 4; lastKnownFileType = file.xib; path = OrderController.xib; sourceTree = "<group>"; };
		765D875E1B5E6F7800BF0130 /* FilterMapCell.h */ = {isa = PBXFileReference; fileEncoding = 4; lastKnownFileType = sourcecode.c.h; path = FilterMapCell.h; sourceTree = "<group>"; };
		765D875F1B5E6F7800BF0130 /* FilterMapCell.m */ = {isa = PBXFileReference; fileEncoding = 4; lastKnownFileType = sourcecode.c.objc; path = FilterMapCell.m; sourceTree = "<group>"; };
		765D87601B5E6F7800BF0130 /* FilterMapCell.xib */ = {isa = PBXFileReference; fileEncoding = 4; lastKnownFileType = file.xib; path = FilterMapCell.xib; sourceTree = "<group>"; };
		765D87641B5E712D00BF0130 /* FilterMapView.h */ = {isa = PBXFileReference; fileEncoding = 4; lastKnownFileType = sourcecode.c.h; path = FilterMapView.h; sourceTree = "<group>"; };
		765D87651B5E712D00BF0130 /* FilterMapView.m */ = {isa = PBXFileReference; fileEncoding = 4; lastKnownFileType = sourcecode.c.objc; path = FilterMapView.m; sourceTree = "<group>"; };
		765D87671B5E714100BF0130 /* FilterMapView.xib */ = {isa = PBXFileReference; fileEncoding = 4; lastKnownFileType = file.xib; path = FilterMapView.xib; sourceTree = "<group>"; };
		765D87701B5E7E2D00BF0130 /* CategoriesModel.h */ = {isa = PBXFileReference; fileEncoding = 4; lastKnownFileType = sourcecode.c.h; path = CategoriesModel.h; sourceTree = "<group>"; };
		765D87711B5E7E2D00BF0130 /* CategoriesModel.m */ = {isa = PBXFileReference; fileEncoding = 4; lastKnownFileType = sourcecode.c.objc; path = CategoriesModel.m; sourceTree = "<group>"; };
		765D87741B5E910200BF0130 /* DownCategoriesModel.h */ = {isa = PBXFileReference; fileEncoding = 4; lastKnownFileType = sourcecode.c.h; path = DownCategoriesModel.h; sourceTree = "<group>"; };
		765D87751B5E910200BF0130 /* DownCategoriesModel.m */ = {isa = PBXFileReference; fileEncoding = 4; lastKnownFileType = sourcecode.c.objc; path = DownCategoriesModel.m; sourceTree = "<group>"; };
		7676EBD11B3C162D00CD967D /* Main.storyboard */ = {isa = PBXFileReference; fileEncoding = 4; lastKnownFileType = file.storyboard; path = Main.storyboard; sourceTree = "<group>"; };
		769287511B3D9962003E6491 /* DishesModel.h */ = {isa = PBXFileReference; fileEncoding = 4; lastKnownFileType = sourcecode.c.h; path = DishesModel.h; sourceTree = "<group>"; };
		769287521B3D9962003E6491 /* DishesModel.m */ = {isa = PBXFileReference; fileEncoding = 4; lastKnownFileType = sourcecode.c.objc; path = DishesModel.m; sourceTree = "<group>"; };
		769287551B3DA2B7003E6491 /* DishesCell.h */ = {isa = PBXFileReference; fileEncoding = 4; lastKnownFileType = sourcecode.c.h; path = DishesCell.h; sourceTree = "<group>"; };
		769287561B3DA2B7003E6491 /* DishesCell.m */ = {isa = PBXFileReference; fileEncoding = 4; lastKnownFileType = sourcecode.c.objc; path = DishesCell.m; sourceTree = "<group>"; };
		769287571B3DA2B7003E6491 /* DishesCell.xib */ = {isa = PBXFileReference; fileEncoding = 4; lastKnownFileType = file.xib; path = DishesCell.xib; sourceTree = "<group>"; };
		CAECDDE46DEDE93450892610 /* Pods.release.xcconfig */ = {isa = PBXFileReference; includeInIndex = 1; lastKnownFileType = text.xcconfig; name = Pods.release.xcconfig; path = "Pods/Target Support Files/Pods/Pods.release.xcconfig"; sourceTree = "<group>"; };
		E3E48FA11B49A795410BB6D4 /* Pods.debug.xcconfig */ = {isa = PBXFileReference; includeInIndex = 1; lastKnownFileType = text.xcconfig; name = Pods.debug.xcconfig; path = "Pods/Target Support Files/Pods/Pods.debug.xcconfig"; sourceTree = "<group>"; };
/* End PBXFileReference section */

/* Begin PBXFrameworksBuildPhase section */
		4E3C23281B395CCE009BBB34 /* Frameworks */ = {
			isa = PBXFrameworksBuildPhase;
			buildActionMask = 2147483647;
			files = (
				90F24CABAF03CAF606C38A5C /* libPods.a in Frameworks */,
			);
			runOnlyForDeploymentPostprocessing = 0;
		};
/* End PBXFrameworksBuildPhase section */

/* Begin PBXGroup section */
		4E3567211B39CD7A00ADBA7F /* AppManager */ = {
			isa = PBXGroup;
			children = (
				4E3567221B39CD8D00ADBA7F /* AppManager.h */,
				4E3567231B39CD8D00ADBA7F /* AppManager.m */,
			);
			path = AppManager;
			sourceTree = "<group>";
		};
		4E3567251B39D4FF00ADBA7F /* MainMenuCell */ = {
			isa = PBXGroup;
			children = (
				4E3567281B39D8E300ADBA7F /* MainMenuCell.h */,
				4E3567291B39D8E300ADBA7F /* MainMenuCell.m */,
				4E35672A1B39D8E300ADBA7F /* MainMenuCell.xib */,
			);
			path = MainMenuCell;
			sourceTree = "<group>";
		};
		4E3567261B39D4FF00ADBA7F /* TextCell */ = {
			isa = PBXGroup;
			children = (
				4E35672D1B39F31500ADBA7F /* TextCell.h */,
				4E35672E1B39F31500ADBA7F /* TextCell.m */,
				4E35672F1B39F31500ADBA7F /* TextCell.xib */,
			);
			path = TextCell;
			sourceTree = "<group>";
		};
		4E3567271B39D4FF00ADBA7F /* TextWithImageCell */ = {
			isa = PBXGroup;
			children = (
				4E3567321B39F32700ADBA7F /* TextWithImageCell.h */,
				4E3567331B39F32700ADBA7F /* TextWithImageCell.m */,
				4E3567341B39F32700ADBA7F /* TextWithImageCell.xib */,
			);
			path = TextWithImageCell;
			sourceTree = "<group>";
		};
		4E3567371B3A099800ADBA7F /* SendView */ = {
			isa = PBXGroup;
			children = (
				4E3567381B3A09AE00ADBA7F /* SendView.h */,
				4E3567391B3A09AE00ADBA7F /* SendView.m */,
				4E35673B1B3A09ED00ADBA7F /* SendView.xib */,
			);
			path = SendView;
			sourceTree = "<group>";
		};
		4E3C23221B395CCE009BBB34 = {
			isa = PBXGroup;
			children = (
				4E3C232D1B395CCE009BBB34 /* CityGuide */,
				4E3C23471B395CCE009BBB34 /* CityGuideTests */,
				4E3C232C1B395CCE009BBB34 /* Products */,
				4E656701B9FBC463EB31F57A /* Pods */,
				902CC670ACF5FE6832D9F3D7 /* Frameworks */,
			);
			sourceTree = "<group>";
		};
		4E3C232C1B395CCE009BBB34 /* Products */ = {
			isa = PBXGroup;
			children = (
				4E3C232B1B395CCE009BBB34 /* CityGuide.app */,
			);
			name = Products;
			sourceTree = "<group>";
		};
		4E3C232D1B395CCE009BBB34 /* CityGuide */ = {
			isa = PBXGroup;
			children = (
				4E555D6D1B396DD6009253DC /* Classes */,
				4E3C23321B395CCE009BBB34 /* AppDelegate.h */,
				4E3C23331B395CCE009BBB34 /* AppDelegate.m */,
				7676EBD11B3C162D00CD967D /* Main.storyboard */,
				4E3C233B1B395CCE009BBB34 /* Images.xcassets */,
				4E3C233D1B395CCE009BBB34 /* LaunchScreen.xib */,
				4E3C232E1B395CCE009BBB34 /* Supporting Files */,
			);
			path = CityGuide;
			sourceTree = "<group>";
		};
		4E3C232E1B395CCE009BBB34 /* Supporting Files */ = {
			isa = PBXGroup;
			children = (
				4E3C232F1B395CCE009BBB34 /* Info.plist */,
				4E3C23301B395CCE009BBB34 /* main.m */,
				4E555D891B399F03009253DC /* PrefixHeader.pch */,
			);
			name = "Supporting Files";
			sourceTree = "<group>";
		};
		4E3C23471B395CCE009BBB34 /* CityGuideTests */ = {
			isa = PBXGroup;
			children = (
				4E3C234A1B395CCE009BBB34 /* CityGuideTests.m */,
				4E3C23481B395CCE009BBB34 /* Supporting Files */,
			);
			path = CityGuideTests;
			sourceTree = "<group>";
		};
		4E3C23481B395CCE009BBB34 /* Supporting Files */ = {
			isa = PBXGroup;
			children = (
				4E3C23491B395CCE009BBB34 /* Info.plist */,
			);
			name = "Supporting Files";
			sourceTree = "<group>";
		};
		4E47A7201B5D891300135168 /* TaxiCell */ = {
			isa = PBXGroup;
			children = (
				4E47A7211B5D892600135168 /* TaxiCell.h */,
				4E47A7221B5D892600135168 /* TaxiCell.m */,
				4E47A7231B5D892600135168 /* TaxiCell.xib */,
			);
			path = TaxiCell;
			sourceTree = "<group>";
		};
		4E555D6D1B396DD6009253DC /* Classes */ = {
			isa = PBXGroup;
			children = (
				7626879E1B5D09FB008B55E9 /* Controllers */,
				4E555D7E1B398DE7009253DC /* Models */,
				4E555D7F1B398DE7009253DC /* Views */,
			);
			path = Classes;
			sourceTree = "<group>";
		};
		4E555D7E1B398DE7009253DC /* Models */ = {
			isa = PBXGroup;
			children = (
				765D87731B5E90F200BF0130 /* DownCategoriesModel */,
				765D876B1B5E7DDD00BF0130 /* CategoriesModel */,
				769287501B3D9953003E6491 /* DishesModel */,
				4E3567211B39CD7A00ADBA7F /* AppManager */,
				4E555EDD1B39BF04009253DC /* ServerManager */,
			);
			path = Models;
			sourceTree = "<group>";
		};
		4E555D7F1B398DE7009253DC /* Views */ = {
			isa = PBXGroup;
			children = (
				765D87631B5E711600BF0130 /* FilterMapView */,
				765D875D1B5E6F6900BF0130 /* FilterMapCell */,
				765D87511B5E4C0C00BF0130 /* Poster3Cell */,
				4E47A7201B5D891300135168 /* TaxiCell */,
				762687EB1B5D15DF008B55E9 /* NewsCollectionCell */,
				762687921B5CFEFD008B55E9 /* MainHeaderView */,
				769287541B3DA29E003E6491 /* DishesCell */,
				4E3567371B3A099800ADBA7F /* SendView */,
				4E3567251B39D4FF00ADBA7F /* MainMenuCell */,
				4E3567261B39D4FF00ADBA7F /* TextCell */,
				4E3567271B39D4FF00ADBA7F /* TextWithImageCell */,
			);
			path = Views;
			sourceTree = "<group>";
		};
		4E555EDD1B39BF04009253DC /* ServerManager */ = {
			isa = PBXGroup;
			children = (
				4E555EDE1B39BF17009253DC /* ServerManager.h */,
				4E555EDF1B39BF17009253DC /* ServerManager.m */,
			);
			path = ServerManager;
			sourceTree = "<group>";
		};
		4E656701B9FBC463EB31F57A /* Pods */ = {
			isa = PBXGroup;
			children = (
				E3E48FA11B49A795410BB6D4 /* Pods.debug.xcconfig */,
				CAECDDE46DEDE93450892610 /* Pods.release.xcconfig */,
			);
			name = Pods;
			sourceTree = "<group>";
		};
		762687921B5CFEFD008B55E9 /* MainHeaderView */ = {
			isa = PBXGroup;
			children = (
				762687931B5CFF15008B55E9 /* MainHeaderView.h */,
				762687941B5CFF15008B55E9 /* MainHeaderView.m */,
				762687961B5CFF24008B55E9 /* MainHeaderView.xib */,
			);
			path = MainHeaderView;
			sourceTree = "<group>";
		};
		7626879E1B5D09FB008B55E9 /* Controllers */ = {
			isa = PBXGroup;
			children = (
				765D87571B5E627500BF0130 /* OrderController */,
				762687E51B5D127C008B55E9 /* NewsController */,
				762687DF1B5D0C28008B55E9 /* NewsDetailController */,
				762687D51B5D0A2C008B55E9 /* FilterMapController */,
				7626879F1B5D09FB008B55E9 /* SharesDetailController */,
				762687A31B5D09FB008B55E9 /* BaseTableViewController */,
				762687A71B5D09FB008B55E9 /* BasketViewController */,
				762687AB1B5D09FB008B55E9 /* CompanyViewController */,
				762687AF1B5D09FB008B55E9 /* DishesViewController */,
				762687B31B5D09FB008B55E9 /* InfoController */,
				762687B71B5D09FB008B55E9 /* MapViewController */,
				762687BB1B5D09FB008B55E9 /* PosterViewController */,
				762687BF1B5D09FB008B55E9 /* SendMessageViewController */,
			);
			path = Controllers;
			sourceTree = "<group>";
		};
		7626879F1B5D09FB008B55E9 /* SharesDetailController */ = {
			isa = PBXGroup;
			children = (
				762687A01B5D09FB008B55E9 /* SharesDetailController.h */,
				762687A11B5D09FB008B55E9 /* SharesDetailController.m */,
				762687A21B5D09FB008B55E9 /* SharesDetailController.xib */,
			);
			name = SharesDetailController;
			path = BaseDetailViewController;
			sourceTree = "<group>";
		};
		762687A31B5D09FB008B55E9 /* BaseTableViewController */ = {
			isa = PBXGroup;
			children = (
				762687A41B5D09FB008B55E9 /* BaseTableViewController.h */,
				762687A51B5D09FB008B55E9 /* BaseTableViewController.m */,
				762687A61B5D09FB008B55E9 /* BaseTableViewController.xib */,
			);
			path = BaseTableViewController;
			sourceTree = "<group>";
		};
		762687A71B5D09FB008B55E9 /* BasketViewController */ = {
			isa = PBXGroup;
			children = (
				762687A81B5D09FB008B55E9 /* BasketViewController.h */,
				762687A91B5D09FB008B55E9 /* BasketViewController.m */,
				762687AA1B5D09FB008B55E9 /* BasketViewController.xib */,
			);
			path = BasketViewController;
			sourceTree = "<group>";
		};
		762687AB1B5D09FB008B55E9 /* CompanyViewController */ = {
			isa = PBXGroup;
			children = (
				762687AC1B5D09FB008B55E9 /* CompanyViewController.h */,
				762687AD1B5D09FB008B55E9 /* CompanyViewController.m */,
				762687AE1B5D09FB008B55E9 /* CompanyViewController.xib */,
			);
			path = CompanyViewController;
			sourceTree = "<group>";
		};
		762687AF1B5D09FB008B55E9 /* DishesViewController */ = {
			isa = PBXGroup;
			children = (
				762687B01B5D09FB008B55E9 /* DishesViewController.h */,
				762687B11B5D09FB008B55E9 /* DishesViewController.m */,
				762687B21B5D09FB008B55E9 /* DishesViewController.xib */,
			);
			path = DishesViewController;
			sourceTree = "<group>";
		};
		762687B31B5D09FB008B55E9 /* InfoController */ = {
			isa = PBXGroup;
			children = (
				762687B41B5D09FB008B55E9 /* InfoController.h */,
				762687B51B5D09FB008B55E9 /* InfoController.m */,
				762687B61B5D09FB008B55E9 /* InfoController.xib */,
			);
			path = InfoController;
			sourceTree = "<group>";
		};
		762687B71B5D09FB008B55E9 /* MapViewController */ = {
			isa = PBXGroup;
			children = (
				762687B81B5D09FB008B55E9 /* MapViewController.h */,
				762687B91B5D09FB008B55E9 /* MapViewController.m */,
				762687BA1B5D09FB008B55E9 /* MapViewController.xib */,
			);
			path = MapViewController;
			sourceTree = "<group>";
		};
		762687BB1B5D09FB008B55E9 /* PosterViewController */ = {
			isa = PBXGroup;
			children = (
				762687BC1B5D09FB008B55E9 /* PosterViewController.h */,
				762687BD1B5D09FB008B55E9 /* PosterViewController.m */,
				762687BE1B5D09FB008B55E9 /* PosterViewController.xib */,
			);
			path = PosterViewController;
			sourceTree = "<group>";
		};
		762687BF1B5D09FB008B55E9 /* SendMessageViewController */ = {
			isa = PBXGroup;
			children = (
				762687C01B5D09FB008B55E9 /* SendMessageViewController.h */,
				762687C11B5D09FB008B55E9 /* SendMessageViewController.m */,
				762687C21B5D09FB008B55E9 /* SendMessageViewController.xib */,
			);
			path = SendMessageViewController;
			sourceTree = "<group>";
		};
		762687D51B5D0A2C008B55E9 /* FilterMapController */ = {
			isa = PBXGroup;
			children = (
				762687D61B5D0A5C008B55E9 /* FilterMapController.h */,
				762687D71B5D0A5C008B55E9 /* FilterMapController.m */,
				762687D81B5D0A5C008B55E9 /* FilterMapController.xib */,
			);
			path = FilterMapController;
			sourceTree = "<group>";
		};
		762687DF1B5D0C28008B55E9 /* NewsDetailController */ = {
			isa = PBXGroup;
			children = (
				762687E01B5D0C3B008B55E9 /* NewsDetailController.h */,
				762687E11B5D0C3B008B55E9 /* NewsDetailController.m */,
				762687E21B5D0C3B008B55E9 /* NewsDetailController.xib */,
			);
			path = NewsDetailController;
			sourceTree = "<group>";
		};
		762687E51B5D127C008B55E9 /* NewsController */ = {
			isa = PBXGroup;
			children = (
				762687E61B5D12CE008B55E9 /* NewsController.h */,
				762687E71B5D12CE008B55E9 /* NewsController.m */,
				762687E81B5D12CE008B55E9 /* NewsController.xib */,
			);
			path = NewsController;
			sourceTree = "<group>";
		};
		762687EB1B5D15DF008B55E9 /* NewsCollectionCell */ = {
			isa = PBXGroup;
			children = (
				762687EC1B5D15EF008B55E9 /* NewsCollectionCell.h */,
				762687ED1B5D15EF008B55E9 /* NewsCollectionCell.m */,
				762687EE1B5D15EF008B55E9 /* NewsCollectionCell.xib */,
			);
			path = NewsCollectionCell;
			sourceTree = "<group>";
		};
		765D87511B5E4C0C00BF0130 /* Poster3Cell */ = {
			isa = PBXGroup;
			children = (
				765D87521B5E4C1C00BF0130 /* Poster3Cell.h */,
				765D87531B5E4C1C00BF0130 /* Poster3Cell.m */,
				765D87541B5E4C1C00BF0130 /* Poster3Cell.xib */,
			);
			path = Poster3Cell;
			sourceTree = "<group>";
		};
		765D87571B5E627500BF0130 /* OrderController */ = {
			isa = PBXGroup;
			children = (
				765D87581B5E628300BF0130 /* OrderController.h */,
				765D87591B5E628300BF0130 /* OrderController.m */,
				765D875A1B5E628300BF0130 /* OrderController.xib */,
			);
			path = OrderController;
			sourceTree = "<group>";
		};
		765D875D1B5E6F6900BF0130 /* FilterMapCell */ = {
			isa = PBXGroup;
			children = (
				765D875E1B5E6F7800BF0130 /* FilterMapCell.h */,
				765D875F1B5E6F7800BF0130 /* FilterMapCell.m */,
				765D87601B5E6F7800BF0130 /* FilterMapCell.xib */,
			);
			path = FilterMapCell;
			sourceTree = "<group>";
		};
		765D87631B5E711600BF0130 /* FilterMapView */ = {
			isa = PBXGroup;
			children = (
				765D87641B5E712D00BF0130 /* FilterMapView.h */,
				765D87651B5E712D00BF0130 /* FilterMapView.m */,
				765D87671B5E714100BF0130 /* FilterMapView.xib */,
			);
			path = FilterMapView;
			sourceTree = "<group>";
		};
		765D876B1B5E7DDD00BF0130 /* CategoriesModel */ = {
			isa = PBXGroup;
			children = (
				765D87701B5E7E2D00BF0130 /* CategoriesModel.h */,
				765D87711B5E7E2D00BF0130 /* CategoriesModel.m */,
			);
			path = CategoriesModel;
			sourceTree = "<group>";
		};
		765D87731B5E90F200BF0130 /* DownCategoriesModel */ = {
			isa = PBXGroup;
			children = (
				765D87741B5E910200BF0130 /* DownCategoriesModel.h */,
				765D87751B5E910200BF0130 /* DownCategoriesModel.m */,
			);
			path = DownCategoriesModel;
			sourceTree = "<group>";
		};
		769287501B3D9953003E6491 /* DishesModel */ = {
			isa = PBXGroup;
			children = (
				769287511B3D9962003E6491 /* DishesModel.h */,
				769287521B3D9962003E6491 /* DishesModel.m */,
			);
			path = DishesModel;
			sourceTree = "<group>";
		};
		769287541B3DA29E003E6491 /* DishesCell */ = {
			isa = PBXGroup;
			children = (
				769287551B3DA2B7003E6491 /* DishesCell.h */,
				769287561B3DA2B7003E6491 /* DishesCell.m */,
				769287571B3DA2B7003E6491 /* DishesCell.xib */,
			);
			path = DishesCell;
			sourceTree = "<group>";
		};
		902CC670ACF5FE6832D9F3D7 /* Frameworks */ = {
			isa = PBXGroup;
			children = (
				697B2D094C3C2F9EE6755061 /* libPods.a */,
			);
			name = Frameworks;
			sourceTree = "<group>";
		};
/* End PBXGroup section */

/* Begin PBXNativeTarget section */
		4E3C232A1B395CCE009BBB34 /* CityGuide */ = {
			isa = PBXNativeTarget;
			buildConfigurationList = 4E3C234E1B395CCE009BBB34 /* Build configuration list for PBXNativeTarget "CityGuide" */;
			buildPhases = (
				74F3DA061B37701E2FB6A262 /* Check Pods Manifest.lock */,
				4E3C23271B395CCE009BBB34 /* Sources */,
				4E3C23281B395CCE009BBB34 /* Frameworks */,
				4E3C23291B395CCE009BBB34 /* Resources */,
				93DB649C03DB29ADA7136CDA /* Copy Pods Resources */,
			);
			buildRules = (
			);
			dependencies = (
			);
			name = CityGuide;
			productName = CityGuide;
			productReference = 4E3C232B1B395CCE009BBB34 /* CityGuide.app */;
			productType = "com.apple.product-type.application";
		};
/* End PBXNativeTarget section */

/* Begin PBXProject section */
		4E3C23231B395CCE009BBB34 /* Project object */ = {
			isa = PBXProject;
			attributes = {
				LastUpgradeCheck = 0630;
				ORGANIZATIONNAME = t;
				TargetAttributes = {
					4E3C232A1B395CCE009BBB34 = {
						CreatedOnToolsVersion = 6.3.2;
						DevelopmentTeam = ZGMDWAJAVX;
					};
				};
			};
			buildConfigurationList = 4E3C23261B395CCE009BBB34 /* Build configuration list for PBXProject "CityGuide" */;
			compatibilityVersion = "Xcode 3.2";
			developmentRegion = English;
			hasScannedForEncodings = 0;
			knownRegions = (
				en,
				Base,
			);
			mainGroup = 4E3C23221B395CCE009BBB34;
			productRefGroup = 4E3C232C1B395CCE009BBB34 /* Products */;
			projectDirPath = "";
			projectRoot = "";
			targets = (
				4E3C232A1B395CCE009BBB34 /* CityGuide */,
			);
		};
/* End PBXProject section */

/* Begin PBXResourcesBuildPhase section */
		4E3C23291B395CCE009BBB34 /* Resources */ = {
			isa = PBXResourcesBuildPhase;
			buildActionMask = 2147483647;
			files = (
				765D87621B5E6F7800BF0130 /* FilterMapCell.xib in Resources */,
				4E47A7251B5D892600135168 /* TaxiCell.xib in Resources */,
				4E3567311B39F31500ADBA7F /* TextCell.xib in Resources */,
				4E35672C1B39D8E300ADBA7F /* MainMenuCell.xib in Resources */,
				762687D21B5D09FB008B55E9 /* PosterViewController.xib in Resources */,
				762687CC1B5D09FB008B55E9 /* DishesViewController.xib in Resources */,
				762687D01B5D09FB008B55E9 /* MapViewController.xib in Resources */,
				765D87681B5E714100BF0130 /* FilterMapView.xib in Resources */,
				4E35673C1B3A09ED00ADBA7F /* SendView.xib in Resources */,
				7676EBD21B3C162D00CD967D /* Main.storyboard in Resources */,
				762687CE1B5D09FB008B55E9 /* InfoController.xib in Resources */,
				762687F01B5D15EF008B55E9 /* NewsCollectionCell.xib in Resources */,
				769287591B3DA2B7003E6491 /* DishesCell.xib in Resources */,
				762687E41B5D0C3B008B55E9 /* NewsDetailController.xib in Resources */,
				762687EA1B5D12CE008B55E9 /* NewsController.xib in Resources */,
				762687DA1B5D0A5C008B55E9 /* FilterMapController.xib in Resources */,
				765D875C1B5E628300BF0130 /* OrderController.xib in Resources */,
				762687971B5CFF24008B55E9 /* MainHeaderView.xib in Resources */,
				762687CA1B5D09FB008B55E9 /* CompanyViewController.xib in Resources */,
				765D87561B5E4C1C00BF0130 /* Poster3Cell.xib in Resources */,
				762687C41B5D09FB008B55E9 /* SharesDetailController.xib in Resources */,
				762687D41B5D09FB008B55E9 /* SendMessageViewController.xib in Resources */,
				4E3C233F1B395CCE009BBB34 /* LaunchScreen.xib in Resources */,
				4E3C233C1B395CCE009BBB34 /* Images.xcassets in Resources */,
				4E3567361B39F32700ADBA7F /* TextWithImageCell.xib in Resources */,
				762687C81B5D09FB008B55E9 /* BasketViewController.xib in Resources */,
				762687C61B5D09FB008B55E9 /* BaseTableViewController.xib in Resources */,
			);
			runOnlyForDeploymentPostprocessing = 0;
		};
/* End PBXResourcesBuildPhase section */

/* Begin PBXShellScriptBuildPhase section */
		74F3DA061B37701E2FB6A262 /* Check Pods Manifest.lock */ = {
			isa = PBXShellScriptBuildPhase;
			buildActionMask = 2147483647;
			files = (
			);
			inputPaths = (
			);
			name = "Check Pods Manifest.lock";
			outputPaths = (
			);
			runOnlyForDeploymentPostprocessing = 0;
			shellPath = /bin/sh;
			shellScript = "diff \"${PODS_ROOT}/../Podfile.lock\" \"${PODS_ROOT}/Manifest.lock\" > /dev/null\nif [[ $? != 0 ]] ; then\n    cat << EOM\nerror: The sandbox is not in sync with the Podfile.lock. Run 'pod install' or update your CocoaPods installation.\nEOM\n    exit 1\nfi\n";
			showEnvVarsInLog = 0;
		};
		93DB649C03DB29ADA7136CDA /* Copy Pods Resources */ = {
			isa = PBXShellScriptBuildPhase;
			buildActionMask = 2147483647;
			files = (
			);
			inputPaths = (
			);
			name = "Copy Pods Resources";
			outputPaths = (
			);
			runOnlyForDeploymentPostprocessing = 0;
			shellPath = /bin/sh;
			shellScript = "\"${SRCROOT}/Pods/Target Support Files/Pods/Pods-resources.sh\"\n";
			showEnvVarsInLog = 0;
		};
/* End PBXShellScriptBuildPhase section */

/* Begin PBXSourcesBuildPhase section */
		4E3C23271B395CCE009BBB34 /* Sources */ = {
			isa = PBXSourcesBuildPhase;
			buildActionMask = 2147483647;
			files = (
				762687CB1B5D09FB008B55E9 /* DishesViewController.m in Sources */,
				762687E31B5D0C3B008B55E9 /* NewsDetailController.m in Sources */,
				762687E91B5D12CE008B55E9 /* NewsController.m in Sources */,
				762687C91B5D09FB008B55E9 /* CompanyViewController.m in Sources */,
				4E555EE01B39BF17009253DC /* ServerManager.m in Sources */,
				762687CF1B5D09FB008B55E9 /* MapViewController.m in Sources */,
				765D87611B5E6F7800BF0130 /* FilterMapCell.m in Sources */,
				762687D31B5D09FB008B55E9 /* SendMessageViewController.m in Sources */,
				4E3C23341B395CCE009BBB34 /* AppDelegate.m in Sources */,
				762687EF1B5D15EF008B55E9 /* NewsCollectionCell.m in Sources */,
				769287581B3DA2B7003E6491 /* DishesCell.m in Sources */,
				4E35673A1B3A09AE00ADBA7F /* SendView.m in Sources */,
				4E3567351B39F32700ADBA7F /* TextWithImageCell.m in Sources */,
				4E47A7241B5D892600135168 /* TaxiCell.m in Sources */,
				765D87721B5E7E2D00BF0130 /* CategoriesModel.m in Sources */,
				4E3567301B39F31500ADBA7F /* TextCell.m in Sources */,
				762687CD1B5D09FB008B55E9 /* InfoController.m in Sources */,
				762687D91B5D0A5C008B55E9 /* FilterMapController.m in Sources */,
				765D87761B5E910200BF0130 /* DownCategoriesModel.m in Sources */,
				769287531B3D9962003E6491 /* DishesModel.m in Sources */,
				4E3C23311B395CCE009BBB34 /* main.m in Sources */,
				762687C71B5D09FB008B55E9 /* BasketViewController.m in Sources */,
				762687C51B5D09FB008B55E9 /* BaseTableViewController.m in Sources */,
				765D875B1B5E628300BF0130 /* OrderController.m in Sources */,
				765D87551B5E4C1C00BF0130 /* Poster3Cell.m in Sources */,
				762687C31B5D09FB008B55E9 /* SharesDetailController.m in Sources */,
				762687D11B5D09FB008B55E9 /* PosterViewController.m in Sources */,
				4E35672B1B39D8E300ADBA7F /* MainMenuCell.m in Sources */,
				765D87661B5E712D00BF0130 /* FilterMapView.m in Sources */,
				4E3567241B39CD8D00ADBA7F /* AppManager.m in Sources */,
				762687951B5CFF15008B55E9 /* MainHeaderView.m in Sources */,
			);
			runOnlyForDeploymentPostprocessing = 0;
		};
/* End PBXSourcesBuildPhase section */

/* Begin PBXVariantGroup section */
		4E3C233D1B395CCE009BBB34 /* LaunchScreen.xib */ = {
			isa = PBXVariantGroup;
			children = (
				4E3C233E1B395CCE009BBB34 /* Base */,
			);
			name = LaunchScreen.xib;
			sourceTree = "<group>";
		};
/* End PBXVariantGroup section */

/* Begin XCBuildConfiguration section */
		4E3C234C1B395CCE009BBB34 /* Debug */ = {
			isa = XCBuildConfiguration;
			buildSettings = {
				ALWAYS_SEARCH_USER_PATHS = NO;
				CLANG_CXX_LANGUAGE_STANDARD = "gnu++0x";
				CLANG_CXX_LIBRARY = "libc++";
				CLANG_ENABLE_MODULES = YES;
				CLANG_ENABLE_OBJC_ARC = YES;
				CLANG_WARN_BOOL_CONVERSION = YES;
				CLANG_WARN_CONSTANT_CONVERSION = YES;
				CLANG_WARN_DIRECT_OBJC_ISA_USAGE = YES_ERROR;
				CLANG_WARN_EMPTY_BODY = YES;
				CLANG_WARN_ENUM_CONVERSION = YES;
				CLANG_WARN_INT_CONVERSION = YES;
				CLANG_WARN_OBJC_ROOT_CLASS = YES_ERROR;
				CLANG_WARN_UNREACHABLE_CODE = YES;
				CLANG_WARN__DUPLICATE_METHOD_MATCH = YES;
				"CODE_SIGN_IDENTITY[sdk=iphoneos*]" = "iPhone Developer";
				COPY_PHASE_STRIP = NO;
				DEBUG_INFORMATION_FORMAT = "dwarf-with-dsym";
				ENABLE_STRICT_OBJC_MSGSEND = YES;
				GCC_C_LANGUAGE_STANDARD = gnu99;
				GCC_DYNAMIC_NO_PIC = NO;
				GCC_NO_COMMON_BLOCKS = YES;
				GCC_OPTIMIZATION_LEVEL = 0;
				GCC_PREPROCESSOR_DEFINITIONS = (
					"DEBUG=1",
					"$(inherited)",
				);
				GCC_SYMBOLS_PRIVATE_EXTERN = NO;
				GCC_WARN_64_TO_32_BIT_CONVERSION = YES;
				GCC_WARN_ABOUT_RETURN_TYPE = YES_ERROR;
				GCC_WARN_UNDECLARED_SELECTOR = YES;
				GCC_WARN_UNINITIALIZED_AUTOS = YES_AGGRESSIVE;
				GCC_WARN_UNUSED_FUNCTION = YES;
				GCC_WARN_UNUSED_VARIABLE = YES;
				IPHONEOS_DEPLOYMENT_TARGET = 8.0;
				MTL_ENABLE_DEBUG_INFO = YES;
				ONLY_ACTIVE_ARCH = YES;
				SDKROOT = iphoneos;
				TARGETED_DEVICE_FAMILY = "1,2";
			};
			name = Debug;
		};
		4E3C234D1B395CCE009BBB34 /* Release */ = {
			isa = XCBuildConfiguration;
			buildSettings = {
				ALWAYS_SEARCH_USER_PATHS = NO;
				CLANG_CXX_LANGUAGE_STANDARD = "gnu++0x";
				CLANG_CXX_LIBRARY = "libc++";
				CLANG_ENABLE_MODULES = YES;
				CLANG_ENABLE_OBJC_ARC = YES;
				CLANG_WARN_BOOL_CONVERSION = YES;
				CLANG_WARN_CONSTANT_CONVERSION = YES;
				CLANG_WARN_DIRECT_OBJC_ISA_USAGE = YES_ERROR;
				CLANG_WARN_EMPTY_BODY = YES;
				CLANG_WARN_ENUM_CONVERSION = YES;
				CLANG_WARN_INT_CONVERSION = YES;
				CLANG_WARN_OBJC_ROOT_CLASS = YES_ERROR;
				CLANG_WARN_UNREACHABLE_CODE = YES;
				CLANG_WARN__DUPLICATE_METHOD_MATCH = YES;
				"CODE_SIGN_IDENTITY[sdk=iphoneos*]" = "iPhone Developer";
				COPY_PHASE_STRIP = NO;
				DEBUG_INFORMATION_FORMAT = "dwarf-with-dsym";
				ENABLE_NS_ASSERTIONS = NO;
				ENABLE_STRICT_OBJC_MSGSEND = YES;
				GCC_C_LANGUAGE_STANDARD = gnu99;
				GCC_NO_COMMON_BLOCKS = YES;
				GCC_WARN_64_TO_32_BIT_CONVERSION = YES;
				GCC_WARN_ABOUT_RETURN_TYPE = YES_ERROR;
				GCC_WARN_UNDECLARED_SELECTOR = YES;
				GCC_WARN_UNINITIALIZED_AUTOS = YES_AGGRESSIVE;
				GCC_WARN_UNUSED_FUNCTION = YES;
				GCC_WARN_UNUSED_VARIABLE = YES;
				IPHONEOS_DEPLOYMENT_TARGET = 8.0;
				MTL_ENABLE_DEBUG_INFO = NO;
				SDKROOT = iphoneos;
				TARGETED_DEVICE_FAMILY = "1,2";
				VALIDATE_PRODUCT = YES;
			};
			name = Release;
		};
		4E3C234F1B395CCE009BBB34 /* Debug */ = {
			isa = XCBuildConfiguration;
			baseConfigurationReference = E3E48FA11B49A795410BB6D4 /* Pods.debug.xcconfig */;
			buildSettings = {
				ASSETCATALOG_COMPILER_APPICON_NAME = AppIcon;
				CODE_SIGN_IDENTITY = "iPhone Developer";
				"CODE_SIGN_IDENTITY[sdk=iphoneos*]" = "iPhone Developer";
				GCC_PRECOMPILE_PREFIX_HEADER = YES;
				GCC_PREFIX_HEADER = "$(PROJECT_DIR)/CityGuide/PrefixHeader.pch";
				INFOPLIST_FILE = CityGuide/Info.plist;
				LD_RUNPATH_SEARCH_PATHS = "$(inherited) @executable_path/Frameworks";
				PRODUCT_NAME = "$(TARGET_NAME)";
				PROVISIONING_PROFILE = "";
			};
			name = Debug;
		};
		4E3C23501B395CCE009BBB34 /* Release */ = {
			isa = XCBuildConfiguration;
			baseConfigurationReference = CAECDDE46DEDE93450892610 /* Pods.release.xcconfig */;
			buildSettings = {
				ASSETCATALOG_COMPILER_APPICON_NAME = AppIcon;
				CODE_SIGN_IDENTITY = "iPhone Developer";
				"CODE_SIGN_IDENTITY[sdk=iphoneos*]" = "iPhone Developer";
				GCC_PRECOMPILE_PREFIX_HEADER = YES;
				GCC_PREFIX_HEADER = "$(PROJECT_DIR)/CityGuide/PrefixHeader.pch";
				INFOPLIST_FILE = CityGuide/Info.plist;
				LD_RUNPATH_SEARCH_PATHS = "$(inherited) @executable_path/Frameworks";
				PRODUCT_NAME = "$(TARGET_NAME)";
				PROVISIONING_PROFILE = "";
			};
			name = Release;
		};
/* End XCBuildConfiguration section */

/* Begin XCConfigurationList section */
		4E3C23261B395CCE009BBB34 /* Build configuration list for PBXProject "CityGuide" */ = {
			isa = XCConfigurationList;
			buildConfigurations = (
				4E3C234C1B395CCE009BBB34 /* Debug */,
				4E3C234D1B395CCE009BBB34 /* Release */,
			);
			defaultConfigurationIsVisible = 0;
			defaultConfigurationName = Release;
		};
		4E3C234E1B395CCE009BBB34 /* Build configuration list for PBXNativeTarget "CityGuide" */ = {
			isa = XCConfigurationList;
			buildConfigurations = (
				4E3C234F1B395CCE009BBB34 /* Debug */,
				4E3C23501B395CCE009BBB34 /* Release */,
			);
			defaultConfigurationIsVisible = 0;
			defaultConfigurationName = Release;
		};
/* End XCConfigurationList section */
	};
	rootObject = 4E3C23231B395CCE009BBB34 /* Project object */;
}
